
Microsoft Visual Studio Solution File, Format Version 10.00
# Visual C++ Express 2008
Project("{8BC9CEB8-8B4A-11D0-8D11-00A0C91BC942}") = "compvis", "compvis.vcproj", "{A9E10301-8AE8-3CF0-B9FC-02CCFE2F1BBA}"
	ProjectSection(ProjectDependencies) = postProject
		{3D14A577-48BA-3B15-BE39-F0B73B19C686} = {3D14A577-48BA-3B15-BE39-F0B73B19C686}
		{750633AD-EA82-3098-B5DE-B9403DA0C4BF} = {750633AD-EA82-3098-B5DE-B9403DA0C4BF}
		{8327EA96-6759-3428-AFBA-B39C3CBEF6DB} = {8327EA96-6759-3428-AFBA-B39C3CBEF6DB}
	EndProjectSection
EndProject
Project("{8BC9CEB8-8B4A-11D0-8D11-00A0C91BC942}") = "highgui", "extern\highgui\highgui.vcproj", "{8327EA96-6759-3428-AFBA-B39C3CBEF6DB}"
	ProjectSection(ProjectDependencies) = postProject
		{3D14A577-48BA-3B15-BE39-F0B73B19C686} = {3D14A577-48BA-3B15-BE39-F0B73B19C686}
		{750633AD-EA82-3098-B5DE-B9403DA0C4BF} = {750633AD-EA82-3098-B5DE-B9403DA0C4BF}
	EndProjectSection
EndProject
Project("{8BC9CEB8-8B4A-11D0-8D11-00A0C91BC942}") = "cxcore", "extern\cxcore\cxcore.vcproj", "{750633AD-EA82-3098-B5DE-B9403DA0C4BF}"
EndProject
Project("{8BC9CEB8-8B4A-11D0-8D11-00A0C91BC942}") = "cv", "extern\cv\cv.vcproj", "{3D14A577-48BA-3B15-BE39-F0B73B19C686}"
	ProjectSection(ProjectDependencies) = postProject
		{750633AD-EA82-3098-B5DE-B9403DA0C4BF} = {750633AD-EA82-3098-B5DE-B9403DA0C4BF}
	EndProjectSection
EndProject
Project("{8BC9CEB8-8B4A-11D0-8D11-00A0C91BC942}") = "demo", "demo\demo.vcproj", "{7FB56946-445D-3073-91F1-B8FE5CF7DB6D}"
	ProjectSection(ProjectDependencies) = postProject
		{3D14A577-48BA-3B15-BE39-F0B73B19C686} = {3D14A577-48BA-3B15-BE39-F0B73B19C686}
		{750633AD-EA82-3098-B5DE-B9403DA0C4BF} = {750633AD-EA82-3098-B5DE-B9403DA0C4BF}
		{A9E10301-8AE8-3CF0-B9FC-02CCFE2F1BBA} = {A9E10301-8AE8-3CF0-B9FC-02CCFE2F1BBA}
		{8327EA96-6759-3428-AFBA-B39C3CBEF6DB} = {8327EA96-6759-3428-AFBA-B39C3CBEF6DB}
	EndProjectSection
EndProject
Global
	GlobalSection(SolutionConfigurationPlatforms) = preSolution
		Debug|Win32 = Debug|Win32
		Release|Win32 = Release|Win32
	EndGlobalSection
	GlobalSection(ProjectConfigurationPlatforms) = postSolution
		{A9E10301-8AE8-3CF0-B9FC-02CCFE2F1BBA}.Debug|Win32.ActiveCfg = Debug|Win32
		{A9E10301-8AE8-3CF0-B9FC-02CCFE2F1BBA}.Debug|Win32.Build.0 = Debug|Win32
		{A9E10301-8AE8-3CF0-B9FC-02CCFE2F1BBA}.Release|Win32.ActiveCfg = Release|Win32
		{A9E10301-8AE8-3CF0-B9FC-02CCFE2F1BBA}.Release|Win32.Build.0 = Release|Win32
		{8327EA96-6759-3428-AFBA-B39C3CBEF6DB}.Debug|Win32.ActiveCfg = Debug|Win32
		{8327EA96-6759-3428-AFBA-B39C3CBEF6DB}.Debug|Win32.Build.0 = Debug|Win32
		{8327EA96-6759-3428-AFBA-B39C3CBEF6DB}.Release|Win32.ActiveCfg = Release|Win32
		{8327EA96-6759-3428-AFBA-B39C3CBEF6DB}.Release|Win32.Build.0 = Release|Win32
		{750633AD-EA82-3098-B5DE-B9403DA0C4BF}.Debug|Win32.ActiveCfg = Debug|Win32
		{750633AD-EA82-3098-B5DE-B9403DA0C4BF}.Debug|Win32.Build.0 = Debug|Win32
		{750633AD-EA82-3098-B5DE-B9403DA0C4BF}.Release|Win32.ActiveCfg = Release|Win32
		{750633AD-EA82-3098-B5DE-B9403DA0C4BF}.Release|Win32.Build.0 = Release|Win32
		{3D14A577-48BA-3B15-BE39-F0B73B19C686}.Debug|Win32.ActiveCfg = Debug|Win32
		{3D14A577-48BA-3B15-BE39-F0B73B19C686}.Debug|Win32.Build.0 = Debug|Win32
		{3D14A577-48BA-3B15-BE39-F0B73B19C686}.Release|Win32.ActiveCfg = Release|Win32
		{3D14A577-48BA-3B15-BE39-F0B73B19C686}.Release|Win32.Build.0 = Release|Win32
		{7FB56946-445D-3073-91F1-B8FE5CF7DB6D}.Debug|Win32.ActiveCfg = Debug|Win32
		{7FB56946-445D-3073-91F1-B8FE5CF7DB6D}.Debug|Win32.Build.0 = Debug|Win32
		{7FB56946-445D-3073-91F1-B8FE5CF7DB6D}.Release|Win32.ActiveCfg = Release|Win32
		{7FB56946-445D-3073-91F1-B8FE5CF7DB6D}.Release|Win32.Build.0 = Release|Win32
	EndGlobalSection
	GlobalSection(SolutionProperties) = preSolution
		HideSolutionNode = FALSE
	EndGlobalSection
EndGlobal
