
Microsoft Visual Studio Solution File, Format Version 10.00
# Visual C++ Express 2008
Project("{8BC9CEB8-8B4A-11D0-8D11-00A0C91BC942}") = "libcompvis", "src\libcompvis.vcproj", "{F6450861-9726-3522-9B28-D92BBE2DBE36}"
	ProjectSection(ProjectDependencies) = postProject
		{D2D5DE00-DA47-361A-9C9C-D4418BE374BF} = {D2D5DE00-DA47-361A-9C9C-D4418BE374BF}
		{12990771-9555-335B-85C7-87BB1B489017} = {12990771-9555-335B-85C7-87BB1B489017}
		{85341BA1-FD19-3F06-8A15-1FC8AE68D44C} = {85341BA1-FD19-3F06-8A15-1FC8AE68D44C}
	EndProjectSection
EndProject
Project("{8BC9CEB8-8B4A-11D0-8D11-00A0C91BC942}") = "libcv", "extern\cv\libcv.vcproj", "{12990771-9555-335B-85C7-87BB1B489017}"
	ProjectSection(ProjectDependencies) = postProject
		{85341BA1-FD19-3F06-8A15-1FC8AE68D44C} = {85341BA1-FD19-3F06-8A15-1FC8AE68D44C}
	EndProjectSection
EndProject
Project("{8BC9CEB8-8B4A-11D0-8D11-00A0C91BC942}") = "libcxcore", "extern\cxcore\libcxcore.vcproj", "{85341BA1-FD19-3F06-8A15-1FC8AE68D44C}"
EndProject
Project("{8BC9CEB8-8B4A-11D0-8D11-00A0C91BC942}") = "libhighgui", "extern\highgui\libhighgui.vcproj", "{D2D5DE00-DA47-361A-9C9C-D4418BE374BF}"
	ProjectSection(ProjectDependencies) = postProject
		{12990771-9555-335B-85C7-87BB1B489017} = {12990771-9555-335B-85C7-87BB1B489017}
		{85341BA1-FD19-3F06-8A15-1FC8AE68D44C} = {85341BA1-FD19-3F06-8A15-1FC8AE68D44C}
	EndProjectSection
EndProject
Project("{8BC9CEB8-8B4A-11D0-8D11-00A0C91BC942}") = "compvis", "demo\compvis.vcproj", "{EFDED46C-9425-3783-BA1C-FCAD0B48F145}"
	ProjectSection(ProjectDependencies) = postProject
		{D2D5DE00-DA47-361A-9C9C-D4418BE374BF} = {D2D5DE00-DA47-361A-9C9C-D4418BE374BF}
		{F6450861-9726-3522-9B28-D92BBE2DBE36} = {F6450861-9726-3522-9B28-D92BBE2DBE36}
		{12990771-9555-335B-85C7-87BB1B489017} = {12990771-9555-335B-85C7-87BB1B489017}
		{85341BA1-FD19-3F06-8A15-1FC8AE68D44C} = {85341BA1-FD19-3F06-8A15-1FC8AE68D44C}
	EndProjectSection
EndProject
Global
	GlobalSection(SolutionConfigurationPlatforms) = preSolution
		Debug|Win32 = Debug|Win32
		Release|Win32 = Release|Win32
	EndGlobalSection
	GlobalSection(ProjectConfigurationPlatforms) = postSolution
		{F6450861-9726-3522-9B28-D92BBE2DBE36}.Debug|Win32.ActiveCfg = Debug|Win32
		{F6450861-9726-3522-9B28-D92BBE2DBE36}.Debug|Win32.Build.0 = Debug|Win32
		{F6450861-9726-3522-9B28-D92BBE2DBE36}.Release|Win32.ActiveCfg = Release|Win32
		{F6450861-9726-3522-9B28-D92BBE2DBE36}.Release|Win32.Build.0 = Release|Win32
		{12990771-9555-335B-85C7-87BB1B489017}.Debug|Win32.ActiveCfg = Debug|Win32
		{12990771-9555-335B-85C7-87BB1B489017}.Debug|Win32.Build.0 = Debug|Win32
		{12990771-9555-335B-85C7-87BB1B489017}.Release|Win32.ActiveCfg = Release|Win32
		{12990771-9555-335B-85C7-87BB1B489017}.Release|Win32.Build.0 = Release|Win32
		{85341BA1-FD19-3F06-8A15-1FC8AE68D44C}.Debug|Win32.ActiveCfg = Debug|Win32
		{85341BA1-FD19-3F06-8A15-1FC8AE68D44C}.Debug|Win32.Build.0 = Debug|Win32
		{85341BA1-FD19-3F06-8A15-1FC8AE68D44C}.Release|Win32.ActiveCfg = Release|Win32
		{85341BA1-FD19-3F06-8A15-1FC8AE68D44C}.Release|Win32.Build.0 = Release|Win32
		{D2D5DE00-DA47-361A-9C9C-D4418BE374BF}.Debug|Win32.ActiveCfg = Debug|Win32
		{D2D5DE00-DA47-361A-9C9C-D4418BE374BF}.Debug|Win32.Build.0 = Debug|Win32
		{D2D5DE00-DA47-361A-9C9C-D4418BE374BF}.Release|Win32.ActiveCfg = Release|Win32
		{D2D5DE00-DA47-361A-9C9C-D4418BE374BF}.Release|Win32.Build.0 = Release|Win32
		{EFDED46C-9425-3783-BA1C-FCAD0B48F145}.Debug|Win32.ActiveCfg = Debug|Win32
		{EFDED46C-9425-3783-BA1C-FCAD0B48F145}.Debug|Win32.Build.0 = Debug|Win32
		{EFDED46C-9425-3783-BA1C-FCAD0B48F145}.Release|Win32.ActiveCfg = Release|Win32
		{EFDED46C-9425-3783-BA1C-FCAD0B48F145}.Release|Win32.Build.0 = Release|Win32
	EndGlobalSection
	GlobalSection(SolutionProperties) = preSolution
		HideSolutionNode = FALSE
	EndGlobalSection
EndGlobal
